// !$*UTF8*$!
{
	archiveVersion = 1;
	classes = {
	};
	objectVersion = 46;
	objects = {

/* Begin PBXBuildFile section */
		4776C76315135FB30025DCDE /* UIKit.framework in Frameworks */ = {isa = PBXBuildFile; fileRef = 4776C76215135FB30025DCDE /* UIKit.framework */; };
		4776C76515135FB30025DCDE /* Foundation.framework in Frameworks */ = {isa = PBXBuildFile; fileRef = 4776C76415135FB30025DCDE /* Foundation.framework */; };
		4776C76715135FB30025DCDE /* CoreGraphics.framework in Frameworks */ = {isa = PBXBuildFile; fileRef = 4776C76615135FB30025DCDE /* CoreGraphics.framework */; };
		4776C76D15135FB30025DCDE /* InfoPlist.strings in Resources */ = {isa = PBXBuildFile; fileRef = 4776C76B15135FB30025DCDE /* InfoPlist.strings */; };
		4776C76F15135FB30025DCDE /* main.m in Sources */ = {isa = PBXBuildFile; fileRef = 4776C76E15135FB30025DCDE /* main.m */; };
		4776C77315135FB30025DCDE /* AppDelegate.m in Sources */ = {isa = PBXBuildFile; fileRef = 4776C77215135FB30025DCDE /* AppDelegate.m */; };
		4776C77615135FB30025DCDE /* MainStoryboard.storyboard in Resources */ = {isa = PBXBuildFile; fileRef = 4776C77415135FB30025DCDE /* MainStoryboard.storyboard */; };
		4776C77915135FB30025DCDE /* ViewController.m in Sources */ = {isa = PBXBuildFile; fileRef = 4776C77815135FB30025DCDE /* ViewController.m */; };
		4776C781151362230025DCDE /* LoginViewController.m in Sources */ = {isa = PBXBuildFile; fileRef = 4776C780151362230025DCDE /* LoginViewController.m */; };
		47F00E9A1517202300038D90 /* NSString+MD5.m in Sources */ = {isa = PBXBuildFile; fileRef = 47F00E991517202300038D90 /* NSString+MD5.m */; };
		AA760F27E2254428BBFBE9C2 /* libPods.a in Frameworks */ = {isa = PBXBuildFile; fileRef = F0359A76CA4B4B87BCDFAAD6 /* libPods.a */; };
/* End PBXBuildFile section */

/* Begin PBXFileReference section */
		4776C75E15135FB20025DCDE /* MD5Login.app */ = {isa = PBXFileReference; explicitFileType = wrapper.application; includeInIndex = 0; path = MD5Login.app; sourceTree = BUILT_PRODUCTS_DIR; };
		4776C76215135FB30025DCDE /* UIKit.framework */ = {isa = PBXFileReference; lastKnownFileType = wrapper.framework; name = UIKit.framework; path = System/Library/Frameworks/UIKit.framework; sourceTree = SDKROOT; };
		4776C76415135FB30025DCDE /* Foundation.framework */ = {isa = PBXFileReference; lastKnownFileType = wrapper.framework; name = Foundation.framework; path = System/Library/Frameworks/Foundation.framework; sourceTree = SDKROOT; };
		4776C76615135FB30025DCDE /* CoreGraphics.framework */ = {isa = PBXFileReference; lastKnownFileType = wrapper.framework; name = CoreGraphics.framework; path = System/Library/Frameworks/CoreGraphics.framework; sourceTree = SDKROOT; };
		4776C76A15135FB30025DCDE /* MD5Login-Info.plist */ = {isa = PBXFileReference; lastKnownFileType = text.plist.xml; path = "MD5Login-Info.plist"; sourceTree = "<group>"; };
		4776C76C15135FB30025DCDE /* en */ = {isa = PBXFileReference; lastKnownFileType = text.plist.strings; name = en; path = en.lproj/InfoPlist.strings; sourceTree = "<group>"; };
		4776C76E15135FB30025DCDE /* main.m */ = {isa = PBXFileReference; lastKnownFileType = sourcecode.c.objc; path = main.m; sourceTree = "<group>"; };
		4776C77015135FB30025DCDE /* MD5Login-Prefix.pch */ = {isa = PBXFileReference; lastKnownFileType = sourcecode.c.h; path = "MD5Login-Prefix.pch"; sourceTree = "<group>"; };
		4776C77115135FB30025DCDE /* AppDelegate.h */ = {isa = PBXFileReference; lastKnownFileType = sourcecode.c.h; path = AppDelegate.h; sourceTree = "<group>"; };
		4776C77215135FB30025DCDE /* AppDelegate.m */ = {isa = PBXFileReference; lastKnownFileType = sourcecode.c.objc; path = AppDelegate.m; sourceTree = "<group>"; };
		4776C77515135FB30025DCDE /* en */ = {isa = PBXFileReference; lastKnownFileType = file.storyboard; name = en; path = en.lproj/MainStoryboard.storyboard; sourceTree = "<group>"; };
		4776C77715135FB30025DCDE /* ViewController.h */ = {isa = PBXFileReference; lastKnownFileType = sourcecode.c.h; path = ViewController.h; sourceTree = "<group>"; };
		4776C77815135FB30025DCDE /* ViewController.m */ = {isa = PBXFileReference; lastKnownFileType = sourcecode.c.objc; path = ViewController.m; sourceTree = "<group>"; };
		4776C77F151362230025DCDE /* LoginViewController.h */ = {isa = PBXFileReference; fileEncoding = 4; lastKnownFileType = sourcecode.c.h; path = LoginViewController.h; sourceTree = "<group>"; };
		4776C780151362230025DCDE /* LoginViewController.m */ = {isa = PBXFileReference; fileEncoding = 4; lastKnownFileType = sourcecode.c.objc; path = LoginViewController.m; sourceTree = "<group>"; };
		47F00E981517202300038D90 /* NSString+MD5.h */ = {isa = PBXFileReference; fileEncoding = 4; lastKnownFileType = sourcecode.c.h; path = "NSString+MD5.h"; sourceTree = "<group>"; };
		47F00E991517202300038D90 /* NSString+MD5.m */ = {isa = PBXFileReference; fileEncoding = 4; lastKnownFileType = sourcecode.c.objc; path = "NSString+MD5.m"; sourceTree = "<group>"; };
		981F1EABDE9549ED8C1D9687 /* Pods.xcconfig */ = {isa = PBXFileReference; lastKnownFileType = text.xcconfig; name = Pods.xcconfig; path = Pods/Pods.xcconfig; sourceTree = SOURCE_ROOT; };
		F0359A76CA4B4B87BCDFAAD6 /* libPods.a */ = {isa = PBXFileReference; explicitFileType = archive.ar; includeInIndex = 0; path = libPods.a; sourceTree = BUILT_PRODUCTS_DIR; };
/* End PBXFileReference section */

/* Begin PBXFrameworksBuildPhase section */
		4776C75B15135FB20025DCDE /* Frameworks */ = {
			isa = PBXFrameworksBuildPhase;
			buildActionMask = 2147483647;
			files = (
				4776C76315135FB30025DCDE /* UIKit.framework in Frameworks */,
				4776C76515135FB30025DCDE /* Foundation.framework in Frameworks */,
				4776C76715135FB30025DCDE /* CoreGraphics.framework in Frameworks */,
				AA760F27E2254428BBFBE9C2 /* libPods.a in Frameworks */,
			);
			runOnlyForDeploymentPostprocessing = 0;
		};
/* End PBXFrameworksBuildPhase section */

/* Begin PBXGroup section */
		4776C75315135FB10025DCDE = {
			isa = PBXGroup;
			children = (
				47F00E9615171FE400038D90 /* Classes */,
				4776C76815135FB30025DCDE /* MD5Login */,
				4776C76115135FB20025DCDE /* Frameworks */,
				4776C75F15135FB20025DCDE /* Products */,
				981F1EABDE9549ED8C1D9687 /* Pods.xcconfig */,
			);
			sourceTree = "<group>";
		};
		4776C75F15135FB20025DCDE /* Products */ = {
			isa = PBXGroup;
			children = (
				4776C75E15135FB20025DCDE /* MD5Login.app */,
			);
			name = Products;
			sourceTree = "<group>";
		};
		4776C76115135FB20025DCDE /* Frameworks */ = {
			isa = PBXGroup;
			children = (
				4776C76215135FB30025DCDE /* UIKit.framework */,
				4776C76415135FB30025DCDE /* Foundation.framework */,
				4776C76615135FB30025DCDE /* CoreGraphics.framework */,
				F0359A76CA4B4B87BCDFAAD6 /* libPods.a */,
			);
			name = Frameworks;
			sourceTree = "<group>";
		};
		4776C76815135FB30025DCDE /* MD5Login */ = {
			isa = PBXGroup;
			children = (
				4776C77415135FB30025DCDE /* MainStoryboard.storyboard */,
				4776C77115135FB30025DCDE /* AppDelegate.h */,
				4776C77215135FB30025DCDE /* AppDelegate.m */,
				4776C77F151362230025DCDE /* LoginViewController.h */,
				4776C780151362230025DCDE /* LoginViewController.m */,
				4776C77715135FB30025DCDE /* ViewController.h */,
				4776C77815135FB30025DCDE /* ViewController.m */,
				4776C76915135FB30025DCDE /* Supporting Files */,
			);
			path = MD5Login;
			sourceTree = "<group>";
		};
		4776C76915135FB30025DCDE /* Supporting Files */ = {
			isa = PBXGroup;
			children = (
				4776C76A15135FB30025DCDE /* MD5Login-Info.plist */,
				4776C76B15135FB30025DCDE /* InfoPlist.strings */,
				4776C76E15135FB30025DCDE /* main.m */,
				4776C77015135FB30025DCDE /* MD5Login-Prefix.pch */,
			);
			name = "Supporting Files";
			sourceTree = "<group>";
		};
		47F00E9615171FE400038D90 /* Classes */ = {
			isa = PBXGroup;
			children = (
				47F00E981517202300038D90 /* NSString+MD5.h */,
				47F00E991517202300038D90 /* NSString+MD5.m */,
			);
			path = Classes;
			sourceTree = "<group>";
		};
/* End PBXGroup section */

/* Begin PBXNativeTarget section */
		4776C75D15135FB20025DCDE /* MD5Login */ = {
			isa = PBXNativeTarget;
			buildConfigurationList = 4776C77C15135FB30025DCDE /* Build configuration list for PBXNativeTarget "MD5Login" */;
			buildPhases = (
				4776C75A15135FB20025DCDE /* Sources */,
				4776C75B15135FB20025DCDE /* Frameworks */,
				4776C75C15135FB20025DCDE /* Resources */,
				76BA27DE315C426B8277F722 /* Copy Pods Resources */,
			);
			buildRules = (
			);
			dependencies = (
			);
			name = MD5Login;
			productName = MD5Login;
			productReference = 4776C75E15135FB20025DCDE /* MD5Login.app */;
			productType = "com.apple.product-type.application";
		};
/* End PBXNativeTarget section */

/* Begin PBXProject section */
		4776C75515135FB10025DCDE /* Project object */ = {
			isa = PBXProject;
			attributes = {
				LastUpgradeCheck = 0420;
			};
			buildConfigurationList = 4776C75815135FB10025DCDE /* Build configuration list for PBXProject "MD5Login" */;
			compatibilityVersion = "Xcode 3.2";
			developmentRegion = English;
			hasScannedForEncodings = 0;
			knownRegions = (
				en,
			);
			mainGroup = 4776C75315135FB10025DCDE;
			productRefGroup = 4776C75F15135FB20025DCDE /* Products */;
			projectDirPath = "";
			projectRoot = "";
			targets = (
				4776C75D15135FB20025DCDE /* MD5Login */,
			);
		};
/* End PBXProject section */

/* Begin PBXResourcesBuildPhase section */
		4776C75C15135FB20025DCDE /* Resources */ = {
			isa = PBXResourcesBuildPhase;
			buildActionMask = 2147483647;
			files = (
				4776C76D15135FB30025DCDE /* InfoPlist.strings in Resources */,
				4776C77615135FB30025DCDE /* MainStoryboard.storyboard in Resources */,
			);
			runOnlyForDeploymentPostprocessing = 0;
		};
/* End PBXResourcesBuildPhase section */

/* Begin PBXShellScriptBuildPhase section */
		76BA27DE315C426B8277F722 /* Copy Pods Resources */ = {
			isa = PBXShellScriptBuildPhase;
			buildActionMask = 2147483647;
			files = (
			);
			inputPaths = (
			);
			name = "Copy Pods Resources";
			outputPaths = (
			);
			runOnlyForDeploymentPostprocessing = 0;
			shellPath = /bin/sh;
			shellScript = "\"${SRCROOT}/Pods/Pods-resources.sh\"\n";
		};
/* End PBXShellScriptBuildPhase section */

/* Begin PBXSourcesBuildPhase section */
		4776C75A15135FB20025DCDE /* Sources */ = {
			isa = PBXSourcesBuildPhase;
			buildActionMask = 2147483647;
			files = (
				4776C76F15135FB30025DCDE /* main.m in Sources */,
				4776C77315135FB30025DCDE /* AppDelegate.m in Sources */,
				4776C77915135FB30025DCDE /* ViewController.m in Sources */,
				4776C781151362230025DCDE /* LoginViewController.m in Sources */,
				47F00E9A1517202300038D90 /* NSString+MD5.m in Sources */,
			);
			runOnlyForDeploymentPostprocessing = 0;
		};
/* End PBXSourcesBuildPhase section */

/* Begin PBXVariantGroup section */
		4776C76B15135FB30025DCDE /* InfoPlist.strings */ = {
			isa = PBXVariantGroup;
			children = (
				4776C76C15135FB30025DCDE /* en */,
			);
			name = InfoPlist.strings;
			sourceTree = "<group>";
		};
		4776C77415135FB30025DCDE /* MainStoryboard.storyboard */ = {
			isa = PBXVariantGroup;
			children = (
				4776C77515135FB30025DCDE /* en */,
			);
			name = MainStoryboard.storyboard;
			sourceTree = "<group>";
		};
/* End PBXVariantGroup section */

/* Begin XCBuildConfiguration section */
		4776C77A15135FB30025DCDE /* Debug */ = {
			isa = XCBuildConfiguration;
			buildSettings = {
				ALWAYS_SEARCH_USER_PATHS = NO;
				ARCHS = "$(ARCHS_STANDARD_32_BIT)";
				CLANG_ENABLE_OBJC_ARC = YES;
				"CODE_SIGN_IDENTITY[sdk=iphoneos*]" = "iPhone Developer";
				COPY_PHASE_STRIP = NO;
				GCC_C_LANGUAGE_STANDARD = gnu99;
				GCC_DYNAMIC_NO_PIC = NO;
				GCC_OPTIMIZATION_LEVEL = 0;
				GCC_PREPROCESSOR_DEFINITIONS = (
					"DEBUG=1",
					"$(inherited)",
				);
				GCC_SYMBOLS_PRIVATE_EXTERN = NO;
				GCC_VERSION = com.apple.compilers.llvm.clang.1_0;
				GCC_WARN_ABOUT_MISSING_PROTOTYPES = YES;
				GCC_WARN_ABOUT_RETURN_TYPE = YES;
				GCC_WARN_UNUSED_VARIABLE = YES;
				IPHONEOS_DEPLOYMENT_TARGET = 5.0;
				SDKROOT = iphoneos;
			};
			name = Debug;
		};
		4776C77B15135FB30025DCDE /* Release */ = {
			isa = XCBuildConfiguration;
			buildSettings = {
				ALWAYS_SEARCH_USER_PATHS = NO;
				ARCHS = "$(ARCHS_STANDARD_32_BIT)";
				CLANG_ENABLE_OBJC_ARC = YES;
				"CODE_SIGN_IDENTITY[sdk=iphoneos*]" = "iPhone Developer";
				COPY_PHASE_STRIP = YES;
				GCC_C_LANGUAGE_STANDARD = gnu99;
				GCC_VERSION = com.apple.compilers.llvm.clang.1_0;
				GCC_WARN_ABOUT_MISSING_PROTOTYPES = YES;
				GCC_WARN_ABOUT_RETURN_TYPE = YES;
				GCC_WARN_UNUSED_VARIABLE = YES;
				IPHONEOS_DEPLOYMENT_TARGET = 5.0;
				OTHER_CFLAGS = "-DNS_BLOCK_ASSERTIONS=1";
				SDKROOT = iphoneos;
				VALIDATE_PRODUCT = YES;
			};
			name = Release;
		};
		4776C77D15135FB30025DCDE /* Debug */ = {
			isa = XCBuildConfiguration;
			baseConfigurationReference = 981F1EABDE9549ED8C1D9687 /* Pods.xcconfig */;
			buildSettings = {
				DSTROOT = /tmp/xcodeproj.dst;
				GCC_PRECOMPILE_PREFIX_HEADER = YES;
				GCC_PREFIX_HEADER = "MD5Login/MD5Login-Prefix.pch";
				GCC_VERSION = com.apple.compilers.llvm.clang.1_0;
				INFOPLIST_FILE = "MD5Login/MD5Login-Info.plist";
				PRODUCT_NAME = "$(TARGET_NAME)";
				SKIP_INSTALL = YES;
				WRAPPER_EXTENSION = app;
			};
			name = Debug;
		};
		4776C77E15135FB30025DCDE /* Release */ = {
			isa = XCBuildConfiguration;
			baseConfigurationReference = 981F1EABDE9549ED8C1D9687 /* Pods.xcconfig */;
			buildSettings = {
				DSTROOT = /tmp/xcodeproj.dst;
				GCC_PRECOMPILE_PREFIX_HEADER = YES;
				GCC_PREFIX_HEADER = "MD5Login/MD5Login-Prefix.pch";
				GCC_VERSION = com.apple.compilers.llvm.clang.1_0;
				INFOPLIST_FILE = "MD5Login/MD5Login-Info.plist";
				PRODUCT_NAME = "$(TARGET_NAME)";
				SKIP_INSTALL = YES;
				WRAPPER_EXTENSION = app;
			};
			name = Release;
		};
/* End XCBuildConfiguration section */

/* Begin XCConfigurationList section */
		4776C75815135FB10025DCDE /* Build configuration list for PBXProject "MD5Login" */ = {
			isa = XCConfigurationList;
			buildConfigurations = (
				4776C77A15135FB30025DCDE /* Debug */,
				4776C77B15135FB30025DCDE /* Release */,
			);
			defaultConfigurationIsVisible = 0;
			defaultConfigurationName = Release;
		};
		4776C77C15135FB30025DCDE /* Build configuration list for PBXNativeTarget "MD5Login" */ = {
			isa = XCConfigurationList;
			buildConfigurations = (
				4776C77D15135FB30025DCDE /* Debug */,
				4776C77E15135FB30025DCDE /* Release */,
			);
			defaultConfigurationIsVisible = 0;
			defaultConfigurationName = Release;
		};
/* End XCConfigurationList section */
	};
	rootObject = 4776C75515135FB10025DCDE /* Project object */;
}
